
Microsoft Visual Studio Solution File, Format Version 12.00
# Visual Studio Version 17
VisualStudioVersion = 17.11.35312.102
MinimumVisualStudioVersion = 10.0.40219.1
Project("{FAE04EC0-301F-11D3-BF4B-00C04F79EFBC}") = "detbordes", "detbordes\detbordes.csproj", "{A210D1E9-4CF9-4A90-A2D7-41C7E3FA987A}"
EndProject
Global
	GlobalSection(SolutionConfigurationPlatforms) = preSolution
		Debug|Any CPU = Debug|Any CPU
		Release|Any CPU = Release|Any CPU
	EndGlobalSection
	GlobalSection(ProjectConfigurationPlatforms) = postSolution
		{A210D1E9-4CF9-4A90-A2D7-41C7E3FA987A}.Debug|Any CPU.ActiveCfg = Debug|Any CPU
		{A210D1E9-4CF9-4A90-A2D7-41C7E3FA987A}.Debug|Any CPU.Build.0 = Debug|Any CPU
		{A210D1E9-4CF9-4A90-A2D7-41C7E3FA987A}.Release|Any CPU.ActiveCfg = Release|Any CPU
		{A210D1E9-4CF9-4A90-A2D7-41C7E3FA987A}.Release|Any CPU.Build.0 = Release|Any CPU
	EndGlobalSection
	GlobalSection(SolutionProperties) = preSolution
		HideSolutionNode = FALSE
	EndGlobalSection
	GlobalSection(ExtensibilityGlobals) = postSolution
		SolutionGuid = {C2F1AC11-6A57-4BBC-AD56-E713BF0D5EE9}
	EndGlobalSection
EndGlobal
